
Microsoft Visual Studio Solution File, Format Version 12.00
# Visual Studio Version 17
VisualStudioVersion = 17.6.33815.320
MinimumVisualStudioVersion = 10.0.40219.1
Project("{FAE04EC0-301F-11D3-BF4B-00C04F79EFBC}") = "ResWeb-Installer", "ResWeb-Installer\ResWeb-Installer.csproj", "{FEA01D1E-D183-418E-BDB7-C515A0E32071}"
EndProject
Project("{FAE04EC0-301F-11D3-BF4B-00C04F79EFBC}") = "ResWeb-BackendService", "ResWeb-Service\ResWeb-BackendService.csproj", "{97080674-B5CD-4E30-9A2D-77B4233C6C2F}"
EndProject
Global
	GlobalSection(SolutionConfigurationPlatforms) = preSolution
		Debug|Any CPU = Debug|Any CPU
		Release|Any CPU = Release|Any CPU
	EndGlobalSection
	GlobalSection(ProjectConfigurationPlatforms) = postSolution
		{FEA01D1E-D183-418E-BDB7-C515A0E32071}.Debug|Any CPU.ActiveCfg = Debug|Any CPU
		{FEA01D1E-D183-418E-BDB7-C515A0E32071}.Debug|Any CPU.Build.0 = Debug|Any CPU
		{FEA01D1E-D183-418E-BDB7-C515A0E32071}.Release|Any CPU.ActiveCfg = Release|Any CPU
		{FEA01D1E-D183-418E-BDB7-C515A0E32071}.Release|Any CPU.Build.0 = Release|Any CPU
		{97080674-B5CD-4E30-9A2D-77B4233C6C2F}.Debug|Any CPU.ActiveCfg = Debug|Any CPU
		{97080674-B5CD-4E30-9A2D-77B4233C6C2F}.Debug|Any CPU.Build.0 = Debug|Any CPU
		{97080674-B5CD-4E30-9A2D-77B4233C6C2F}.Release|Any CPU.ActiveCfg = Release|Any CPU
		{97080674-B5CD-4E30-9A2D-77B4233C6C2F}.Release|Any CPU.Build.0 = Release|Any CPU
	EndGlobalSection
	GlobalSection(SolutionProperties) = preSolution
		HideSolutionNode = FALSE
	EndGlobalSection
	GlobalSection(ExtensibilityGlobals) = postSolution
		SolutionGuid = {E9B3F654-E299-4784-A794-16CF2310CA4D}
	EndGlobalSection
EndGlobal
